<?xml version="1.0" encoding="UTF-8"?>
<CONFIG>
  <ProjectOptions>
    <Version Value="11"/>
    <PathDelim Value="\"/>
    <General>
      <SessionStorage Value="InProjectDir"/>
      <MainUnit Value="0"/>
      <Title Value="FastcodeMMChallengeBV"/>
      <Scaled Value="True"/>
      <ResourceType Value="res"/>
      <UseXPManifest Value="True"/>
      <XPManifest>
        <DpiAware Value="True"/>
      </XPManifest>
      <Icon Value="0"/>
    </General>
    <BuildModes Count="1">
      <Item1 Name="Default" Default="True"/>
    </BuildModes>
    <PublishOptions>
      <Version Value="2"/>
      <UseFileFilters Value="True"/>
    </PublishOptions>
    <RunParams>
      <FormatVersion Value="2"/>
      <Modes Count="0"/>
    </RunParams>
    <RequiredPackages Count="2">
      <Item1>
        <PackageName Value="tachartlazaruspkg"/>
      </Item1>
      <Item2>
        <PackageName Value="LCL"/>
      </Item2>
    </RequiredPackages>
    <Units Count="40">
      <Unit0>
        <Filename Value="FastcodeMMChallengeBV.lpr"/>
        <IsPartOfProject Value="True"/>
      </Unit0>
      <Unit1>
        <Filename Value="BenchmarkUtilities.pas"/>
        <IsPartOfProject Value="True"/>
      </Unit1>
      <Unit2>
        <Filename Value="NexusDBBenchmarkUnit.pas"/>
        <IsPartOfProject Value="True"/>
      </Unit2>
      <Unit3>
        <Filename Value="ReplayBenchmarkUnit.pas"/>
        <IsPartOfProject Value="True"/>
      </Unit3>
      <Unit4>
        <Filename Value="LinkedListBenchmark.pas"/>
        <IsPartOfProject Value="True"/>
      </Unit4>
      <Unit5>
        <Filename Value="SortIntArrayBenchmark2Unit.pas"/>
        <IsPartOfProject Value="True"/>
      </Unit5>
      <Unit6>
        <Filename Value="SortExtendedArrayBenchmark2Unit.pas"/>
        <IsPartOfProject Value="True"/>
      </Unit6>
      <Unit7>
        <Filename Value="SingleThreadedAllocMem.pas"/>
        <IsPartOfProject Value="True"/>
      </Unit7>
      <Unit8>
        <Filename Value="BenchmarkForm.pas"/>
        <IsPartOfProject Value="True"/>
        <ComponentName Value="fBenchmark"/>
        <HasResources Value="True"/>
        <ResourceBaseClass Value="Form"/>
      </Unit8>
      <Unit9>
        <Filename Value="GraphsForm.pas"/>
        <IsPartOfProject Value="True"/>
        <ComponentName Value="fGraphs"/>
        <HasResources Value="True"/>
        <ResourceBaseClass Value="Form"/>
      </Unit9>
      <Unit10>
        <Filename Value="RenameMMForm.pas"/>
        <IsPartOfProject Value="True"/>
        <ComponentName Value="fRenameMM"/>
        <HasResources Value="True"/>
        <ResourceBaseClass Value="Form"/>
      </Unit10>
      <Unit11>
        <Filename Value="FragmentationTestUnit.pas"/>
        <IsPartOfProject Value="True"/>
      </Unit11>
      <Unit12>
        <Filename Value="ReallocMemBenchmark.pas"/>
        <IsPartOfProject Value="True"/>
      </Unit12>
      <Unit13>
        <Filename Value="DownsizeTestUnit.pas"/>
        <IsPartOfProject Value="True"/>
      </Unit13>
      <Unit14>
        <Filename Value="WildThreadsBenchmarkUnit.pas"/>
        <IsPartOfProject Value="True"/>
      </Unit14>
      <Unit15>
        <Filename Value="BlockSizeSpreadBenchmark.pas"/>
        <IsPartOfProject Value="True"/>
      </Unit15>
      <Unit16>
        <Filename Value="SmallUpsizeBenchmark.pas"/>
        <IsPartOfProject Value="True"/>
      </Unit16>
      <Unit17>
        <Filename Value="SmallDownsizeBenchmark.pas"/>
        <IsPartOfProject Value="True"/>
      </Unit17>
      <Unit18>
        <Filename Value="RawPerformanceSingleThread.pas"/>
        <IsPartOfProject Value="True"/>
      </Unit18>
      <Unit19>
        <Filename Value="RawPerformanceMultiThread.pas"/>
        <IsPartOfProject Value="True"/>
      </Unit19>
      <Unit20>
        <Filename Value="AddressSpaceCreepBenchmark.pas"/>
        <IsPartOfProject Value="True"/>
      </Unit20>
      <Unit21>
        <Filename Value="LargeBlockSpreadBenchmark.pas"/>
        <IsPartOfProject Value="True"/>
      </Unit21>
      <Unit22>
        <Filename Value="StringThread.pas"/>
        <IsPartOfProject Value="True"/>
      </Unit22>
      <Unit23>
        <Filename Value="StringThreadTestUnit.pas"/>
        <IsPartOfProject Value="True"/>
      </Unit23>
      <Unit24>
        <Filename Value="ArrayUpsizeSingleThread.pas"/>
        <IsPartOfProject Value="True"/>
      </Unit24>
      <Unit25>
        <Filename Value="SingleFPBenchmark1Unit.pas"/>
        <IsPartOfProject Value="True"/>
      </Unit25>
      <Unit26>
        <Filename Value="SingleFPBenchmark2Unit.pas"/>
        <IsPartOfProject Value="True"/>
      </Unit26>
      <Unit27>
        <Filename Value="DoubleFPBenchmark1Unit.pas"/>
        <IsPartOfProject Value="True"/>
      </Unit27>
      <Unit28>
        <Filename Value="DoubleFPBenchmark2Unit.pas"/>
        <IsPartOfProject Value="True"/>
      </Unit28>
      <Unit29>
        <Filename Value="DoubleFPBenchmark3Unit.pas"/>
        <IsPartOfProject Value="True"/>
      </Unit29>
      <Unit30>
        <Filename Value="MoveBenchmark1Unit.pas"/>
        <IsPartOfProject Value="True"/>
      </Unit30>
      <Unit31>
        <Filename Value="MoveBenchmark2Unit.pas"/>
        <IsPartOfProject Value="True"/>
      </Unit31>
      <Unit32>
        <Filename Value="AddressSpaceCreepBenchmarkLarge.pas"/>
        <IsPartOfProject Value="True"/>
      </Unit32>
      <Unit33>
        <Filename Value="BenchmarkClassUnit.pas"/>
        <IsPartOfProject Value="True"/>
      </Unit33>
      <Unit34>
        <Filename Value="MultiThreadedAllocAndFree.pas"/>
        <IsPartOfProject Value="True"/>
      </Unit34>
      <Unit35>
        <Filename Value="MultiThreadedReallocate.pas"/>
        <IsPartOfProject Value="True"/>
      </Unit35>
      <Unit36>
        <Filename Value="SingleThreadedAllocAndFree.pas"/>
        <IsPartOfProject Value="True"/>
      </Unit36>
      <Unit37>
        <Filename Value="SingleThreadedReallocate.pas"/>
        <IsPartOfProject Value="True"/>
      </Unit37>
      <Unit38>
        <Filename Value="MMvalidation.pas"/>
        <IsPartOfProject Value="True"/>
        <UnitName Value="MMValidation"/>
      </Unit38>
      <Unit39>
        <Filename Value="GeneralFunctions.pas"/>
        <IsPartOfProject Value="True"/>
      </Unit39>
    </Units>
  </ProjectOptions>
  <CompilerOptions>
    <Version Value="11"/>
    <PathDelim Value="\"/>
    <Target>
      <Filename Value="FastcodeMMChallengeBV"/>
    </Target>
    <SearchPaths>
      <IncludeFiles Value="$(ProjOutDir)"/>
      <OtherUnitFiles Value="..\FastMM4"/>
      <UnitOutputDirectory Value="lib\$(TargetCPU)-$(TargetOS)"/>
    </SearchPaths>
    <Parsing>
      <Style Value="1"/>
    </Parsing>
  </CompilerOptions>
  <Debugging>
    <Exceptions Count="3">
      <Item1>
        <Name Value="EAbort"/>
      </Item1>
      <Item2>
        <Name Value="ECodetoolError"/>
      </Item2>
      <Item3>
        <Name Value="EFOpenError"/>
      </Item3>
    </Exceptions>
  </Debugging>
</CONFIG>
